
Microsoft Visual Studio Solution File, Format Version 12.00
# Visual Studio Version 16
VisualStudioVersion = 16.0.29806.167
MinimumVisualStudioVersion = 10.0.40219.1
Project("{2150E333-8FDC-42A3-9474-1A3956D46DE8}") = "Plugins", "Plugins", "{02697BA7-B9A9-4A86-BF6F-E0727BCA4850}"
EndProject
Project("{2150E333-8FDC-42A3-9474-1A3956D46DE8}") = "Features", "Features", "{33A6C169-52DA-446B-A241-FEC05722752A}"
EndProject
Project("{9A19103F-16F7-4668-BE54-9A1E7A4F7556}") = "Macerus", "Macerus\Macerus.csproj", "{8F665659-A11D-4B52-8401-294615AC2636}"
EndProject
Project("{9A19103F-16F7-4668-BE54-9A1E7A4F7556}") = "Macerus.Game.GameObjects", "Macerus.Game.GameObjects\Macerus.Game.GameObjects.csproj", "{A0EB2A74-18CD-4256-AFCD-6785561F96CB}"
EndProject
Project("{9A19103F-16F7-4668-BE54-9A1E7A4F7556}") = "Macerus.Api.GameObjects", "Macerus.Api.GameObjects\Macerus.Api.GameObjects.csproj", "{1C464D4F-A13F-46EE-86A5-D38CB2A0C3B6}"
EndProject
Project("{2150E333-8FDC-42A3-9474-1A3956D46DE8}") = "Api", "Api", "{BD27FEF7-8B20-4566-B91D-CF69AFF7EDD0}"
EndProject
Project("{2150E333-8FDC-42A3-9474-1A3956D46DE8}") = "Game", "Game", "{42E42C5A-EE1F-49F3-9DB6-F4295A4A396D}"
EndProject
Project("{9A19103F-16F7-4668-BE54-9A1E7A4F7556}") = "Macerus.Plugins.Features.GameObjects.Actors", "Macerus.Plugins.Features.GameObjects.Actors\Macerus.Plugins.Features.GameObjects.Actors.csproj", "{9B52B191-530A-48CF-A712-78AEBC2E9E46}"
EndProject
Project("{9A19103F-16F7-4668-BE54-9A1E7A4F7556}") = "Macerus.Api.Behaviors", "Macerus.Api.Behaviors\Macerus.Api.Behaviors.csproj", "{5F24115E-512F-48BA-AD4A-282E5DAA7DC6}"
EndProject
Project("{2150E333-8FDC-42A3-9474-1A3956D46DE8}") = "Shared", "Shared", "{355D6ED1-147F-4ABD-B1F4-CD41E62D3A90}"
EndProject
Project("{9A19103F-16F7-4668-BE54-9A1E7A4F7556}") = "Macerus.Shared.Behaviors", "Macerus.Shared.Behaviors\Macerus.Shared.Behaviors.csproj", "{8367961F-D4EC-4265-95A3-B4008AF9ECC6}"
EndProject
Project("{9A19103F-16F7-4668-BE54-9A1E7A4F7556}") = "Macerus.Plugins.Features.GameObjects.Items.Generation.Normal", "Macerus.Plugins.Features.GameObjects.Items.Generation.Normal\Macerus.Plugins.Features.GameObjects.Items.Generation.Normal.csproj", "{308AE277-4C15-4CB0-BE86-566CDBBB60E2}"
EndProject
Project("{9A19103F-16F7-4668-BE54-9A1E7A4F7556}") = "Macerus.Plugins.Features.GameObjects.Items.Generation.Magic", "Macerus.Plugins.Features.GameObjects.Items.Generation.Magic\Macerus.Plugins.Features.GameObjects.Items.Generation.Magic.csproj", "{C7178837-D3D5-481E-B3C9-487A7CD41D8E}"
EndProject
Project("{2150E333-8FDC-42A3-9474-1A3956D46DE8}") = "Items", "Items", "{DBB8AA2F-D157-4B10-9EE8-4179D4019FB6}"
EndProject
Project("{2150E333-8FDC-42A3-9474-1A3956D46DE8}") = "Content", "Content", "{14D04E35-88CD-4B8C-BE7F-07BE6F94DCF8}"
EndProject
Project("{9A19103F-16F7-4668-BE54-9A1E7A4F7556}") = "Macerus.Plugins.Features.GameObjects.Items.Behaviors", "Macerus.Plugins.Features.GameObjects.Items.Behaviors\Macerus.Plugins.Features.GameObjects.Items.Behaviors.csproj", "{9B17885E-B486-431E-B59B-078A9BE6BDD2}"
EndProject
Project("{9A19103F-16F7-4668-BE54-9A1E7A4F7556}") = "Macerus.Tests", "Macerus.Tests\Macerus.Tests.csproj", "{6B69D281-5E82-4A6A-8E28-5161E34B47C1}"
EndProject
Project("{2150E333-8FDC-42A3-9474-1A3956D46DE8}") = "Enchantments", "Enchantments", "{49F8D13C-7B94-4AD4-9D4E-5B8F15485981}"
EndProject
Project("{9A19103F-16F7-4668-BE54-9A1E7A4F7556}") = "Macerus.Plugins.Data.MySql", "Macerus.Plugins.Data.MySql\Macerus.Plugins.Data.MySql.csproj", "{1F88ADFE-4E7D-4E0B-BADC-ACDB9E730741}"
EndProject
Project("{2150E333-8FDC-42A3-9474-1A3956D46DE8}") = "Data", "Data", "{547493C6-791A-4655-9C7D-DC86A7B09F52}"
EndProject
Project("{9A19103F-16F7-4668-BE54-9A1E7A4F7556}") = "Macerus.Plugins.Features.GameObjects.Items.Affixes", "Macerus.Plugins.Features.GameObjects.Items.Affixes\Macerus.Plugins.Features.GameObjects.Items.Affixes.csproj", "{92ABF0BC-0EE0-49ED-AFAD-D4A440529145}"
EndProject
Project("{9A19103F-16F7-4668-BE54-9A1E7A4F7556}") = "Macerus.Plugins.Features.GameObjects.Items.Affixes.Api", "Macerus.Plugins.Features.GameObjects.Items.Affixes.Api\Macerus.Plugins.Features.GameObjects.Items.Affixes.Api.csproj", "{3741E28A-723D-4BF8-9DAE-8FF0AEC4D637}"
EndProject
Project("{2150E333-8FDC-42A3-9474-1A3956D46DE8}") = "GameObjects", "GameObjects", "{00A2FCF7-72A1-4031-AD5F-42345BA13DE3}"
EndProject
Project("{2150E333-8FDC-42A3-9474-1A3956D46DE8}") = "Static", "Static", "{9F93EA1D-5824-4011-B1F9-78A3FC854E1D}"
EndProject
Project("{9A19103F-16F7-4668-BE54-9A1E7A4F7556}") = "Macerus.Plugins.Features.GameObjects.Static", "Macerus.Plugins.Features.GameObjects.Static\Macerus.Plugins.Features.GameObjects.Static.csproj", "{975CA395-7960-4CEE-9AEF-C1E1485A8886}"
EndProject
Project("{9A19103F-16F7-4668-BE54-9A1E7A4F7556}") = "Macerus.Plugins.Features.GameObjects.Static.Api", "Macerus.Plugins.Features.GameObjects.Static.Api\Macerus.Plugins.Features.GameObjects.Static.Api.csproj", "{3849012D-A66E-4A0B-ADCE-91538E2B0ACC}"
EndProject
Project("{2150E333-8FDC-42A3-9474-1A3956D46DE8}") = "Containers", "Containers", "{8989A7CB-427A-4954-8118-238604017FE8}"
EndProject
Project("{9A19103F-16F7-4668-BE54-9A1E7A4F7556}") = "Macerus.Plugins.Features.GameObjects.Containers", "Macerus.Plugins.Features.GameObjects.Containers\Macerus.Plugins.Features.GameObjects.Containers.csproj", "{429F081F-B87D-4F9D-977C-579DB8C98F29}"
EndProject
Project("{9A19103F-16F7-4668-BE54-9A1E7A4F7556}") = "Macerus.Plugins.Features.GameObjects.Containers.Api", "Macerus.Plugins.Features.GameObjects.Containers.Api\Macerus.Plugins.Features.GameObjects.Containers.Api.csproj", "{489FBF59-F50E-4D18-8F3D-6900555D91F2}"
EndProject
Project("{9A19103F-16F7-4668-BE54-9A1E7A4F7556}") = "Macerus.Plugins.Features.GameObjects.Items.Generation.DropTables", "Macerus.Plugins.Features.GameObjects.Items.Generation.DropTables\Macerus.Plugins.Features.GameObjects.Items.Generation.DropTables.csproj", "{7F656455-14D3-474E-9DAC-7B75E2289C42}"
EndProject
Project("{2150E333-8FDC-42A3-9474-1A3956D46DE8}") = "Socketing", "Socketing", "{3A6EC585-4595-4643-977E-65BE7A2A8EBC}"
EndProject
Project("{9A19103F-16F7-4668-BE54-9A1E7A4F7556}") = "Macerus.Plugins.Features.GameObjects.Items.Socketing.SocketPatterns", "Macerus.Plugins.Features.GameObjects.Items.Socketing.SocketPatterns\Macerus.Plugins.Features.GameObjects.Items.Socketing.SocketPatterns.csproj", "{E24195F7-AFA2-4550-9DCB-5D0FBD3A416D}"
EndProject
Project("{9A19103F-16F7-4668-BE54-9A1E7A4F7556}") = "Macerus.Plugins.Features.GameObjects.Items.Generation.Unique", "Macerus.Plugins.Features.GameObjects.Items.Generation.Unique\Macerus.Plugins.Features.GameObjects.Items.Generation.Unique.csproj", "{01BD3968-1BD6-4F5C-8CD1-FB4648DD868B}"
EndProject
Project("{2150E333-8FDC-42A3-9474-1A3956D46DE8}") = "Skills", "Skills", "{86014C1C-18FA-4FC5-B76C-0FFD8D2A3E19}"
EndProject
Project("{9A19103F-16F7-4668-BE54-9A1E7A4F7556}") = "Macerus.Plugins.Features.GameObjects.Skills", "Macerus.Plugins.Features.GameObjects.Skills\Macerus.Plugins.Features.GameObjects.Skills.csproj", "{0E65B42E-E2B3-4C8F-B47A-D896FE0D1B39}"
EndProject
Project("{9A19103F-16F7-4668-BE54-9A1E7A4F7556}") = "Macerus.Plugins.Features.GameObjects.Enchantments", "Macerus.Plugins.Features.GameObjects.Enchantments\Macerus.Plugins.Features.GameObjects.Enchantments.csproj", "{F747205A-630F-42CC-ACEF-2766D71CE2BB}"
EndProject
Project("{9A19103F-16F7-4668-BE54-9A1E7A4F7556}") = "Macerus.Plugins.Features.GameObjects.Items", "Macerus.Plugins.Features.GameObjects.Items\Macerus.Plugins.Features.GameObjects.Items.csproj", "{1010DD47-1016-4046-9F4E-C6E65BCB0A3B}"
EndProject
Project("{9A19103F-16F7-4668-BE54-9A1E7A4F7556}") = "Macerus.Plugins.Features.GameObjects.Items.Socketing", "Macerus.Plugins.Features.GameObjects.Items.Socketing\Macerus.Plugins.Features.GameObjects.Items.Socketing.csproj", "{AE7221C7-7840-41AE-98CE-92E41EB90BC1}"
EndProject
Project("{9A19103F-16F7-4668-BE54-9A1E7A4F7556}") = "Macerus.Plugins.Features.GameObjects.Enchantments.Generation.MySql", "Macerus.Plugins.Features.GameObjects.Enchantments.Generation.MySql\Macerus.Plugins.Features.GameObjects.Enchantments.Generation.MySql.csproj", "{2608DB1E-43A6-4CEF-A7D6-B1990E5E8732}"
EndProject
Project("{9A19103F-16F7-4668-BE54-9A1E7A4F7556}") = "Macerus.Plugins.Features.Weather", "Macerus.Plugins.Features.Weather\Macerus.Plugins.Features.Weather.csproj", "{D4B0E083-D340-4910-A7CC-5CEE48FDD199}"
EndProject
Project("{2150E333-8FDC-42A3-9474-1A3956D46DE8}") = "Encounters", "Encounters", "{8F41D1F8-79D3-4366-9F46-402887730310}"
EndProject
Project("{FAE04EC0-301F-11D3-BF4B-00C04F79EFBC}") = "Macerus.Plugins.Features.Encounters", "Macerus.Plugins.Features.Encounters\Macerus.Plugins.Features.Encounters.csproj", "{313DBCF0-1EC4-4D81-AD0E-AC5978233B91}"
EndProject
Project("{2150E333-8FDC-42A3-9474-1A3956D46DE8}") = "Actors", "Actors", "{769A1D7D-526E-4C9F-AB5D-689886FDED74}"
EndProject
Project("{9A19103F-16F7-4668-BE54-9A1E7A4F7556}") = "Macerus.Plugins.Features.GameObjects.Actors.Generation", "Macerus.Plugins.Features.GameObjects.Actors.Generation\Macerus.Plugins.Features.GameObjects.Actors.Generation.csproj", "{88A22115-4A6F-4272-A95B-4AFEBCE75B28}"
EndProject
Project("{9A19103F-16F7-4668-BE54-9A1E7A4F7556}") = "Macerus.Plugins.Content", "Macerus.Plugins.Content\Macerus.Plugins.Content.csproj", "{0E0E844C-DE57-49DE-968C-8E55F2E01BD6}"
EndProject
Project("{2150E333-8FDC-42A3-9474-1A3956D46DE8}") = "Mapping", "Mapping", "{32F65C4C-D4E1-4913-96FB-BF4371D26554}"
EndProject
Project("{9A19103F-16F7-4668-BE54-9A1E7A4F7556}") = "Macerus.Plugins.Features.Mapping.TiledNet", "Macerus.Plugins.Features.Mapping.TiledNet\Macerus.Plugins.Features.Mapping.TiledNet.csproj", "{6289DF2D-EE6D-4A94-8A78-2BC62C2E9CCE}"
EndProject
Project("{2150E333-8FDC-42A3-9474-1A3956D46DE8}") = "Dependencies", "Dependencies", "{F34D08E1-ED99-44EE-90B9-3E1A2C6A5525}"
EndProject
Project("{2150E333-8FDC-42A3-9474-1A3956D46DE8}") = "Tiled", "Tiled", "{84CD21F4-8F26-4CCB-9DE1-321C29BD268F}"
EndProject
Project("{9A19103F-16F7-4668-BE54-9A1E7A4F7556}") = "Tiled.Net", "..\..\..\libraries\Tiled.Net\Tiled.Net\Tiled.Net.csproj", "{B7DE89EA-624A-48F3-8BBA-B23BD0839901}"
EndProject
Project("{9A19103F-16F7-4668-BE54-9A1E7A4F7556}") = "Tiled.Net.Dto", "..\..\..\libraries\Tiled.Net\Tiled.Net.Dto\Tiled.Net.Dto.csproj", "{EDF490F9-460E-468F-B6EE-7A8C52E4D231}"
EndProject
Project("{9A19103F-16F7-4668-BE54-9A1E7A4F7556}") = "Tiled.Net.Tmx.Xml", "..\..\..\libraries\Tiled.Net\Tiled.Net.Tmx.Xml\Tiled.Net.Tmx.Xml.csproj", "{EA09BA50-15E5-4F8F-ABD8-D3F6179089D9}"
EndProject
Project("{9A19103F-16F7-4668-BE54-9A1E7A4F7556}") = "Macerus.Plugins.Features.Mapping", "Macerus.Plugins.Features.Mapping\Macerus.Plugins.Features.Mapping.csproj", "{089E1C61-E974-4D64-81B7-7DAE52B61754}"
EndProject
Project("{2150E333-8FDC-42A3-9474-1A3956D46DE8}") = "Combat", "Combat", "{9DFE0CE3-ECC8-4FCF-BE6A-94859F543B13}"
EndProject
Project("{9A19103F-16F7-4668-BE54-9A1E7A4F7556}") = "Macerus.Plugins.Features.Combat.Default", "Macerus.Plugins.Features.Combat.Default\Macerus.Plugins.Features.Combat.Default.csproj", "{FE7CC77B-C311-4BC7-A2FB-FCCCDEF37B88}"
EndProject
Project("{2150E333-8FDC-42A3-9474-1A3956D46DE8}") = "Animations", "Animations", "{C8C2E0C1-7BA7-485C-8AC8-8EC0C320AC4A}"
EndProject
Project("{9A19103F-16F7-4668-BE54-9A1E7A4F7556}") = "Macerus.Plugins.Features.Animations.Api", "Macerus.Plugins.Features.Animations.Api\Macerus.Plugins.Features.Animations.Api.csproj", "{F02EE70E-F96D-4AB1-9031-B348058F5A08}"
EndProject
Project("{9A19103F-16F7-4668-BE54-9A1E7A4F7556}") = "Macerus.Plugins.Features.Animations.Default", "Macerus.Plugins.Features.Animations.Default\Macerus.Plugins.Features.Animations.Default.csproj", "{FE9F84D9-646B-49B7-BC08-947CF3195D97}"
EndProject
Project("{FAE04EC0-301F-11D3-BF4B-00C04F79EFBC}") = "Macerus.Headless", "Macerus.Headless\Macerus.Headless.csproj", "{7145A0A5-E6F6-429D-A788-A2FD6473941D}"
EndProject
Project("{9A19103F-16F7-4668-BE54-9A1E7A4F7556}") = "Macerus.Plugins.Features.Animations.Lpc", "Macerus.Plugins.Features.Animations.Lpc\Macerus.Plugins.Features.Animations.Lpc.csproj", "{C6353D22-5936-4991-9094-B21BBF65C767}"
EndProject
Project("{2150E333-8FDC-42A3-9474-1A3956D46DE8}") = "Stats", "Stats", "{F7A4EA31-5774-4ADF-A504-85F69A763FA5}"
EndProject
Project("{FAE04EC0-301F-11D3-BF4B-00C04F79EFBC}") = "Macerus.Plugins.Features.Stats", "Macerus.Plugins.Features.Stats\Macerus.Plugins.Features.Stats.csproj", "{176A983C-1EB2-4E3D-9657-8A41749FA341}"
EndProject
Global
	GlobalSection(SolutionConfigurationPlatforms) = preSolution
		Debug|Any CPU = Debug|Any CPU
		Release|Any CPU = Release|Any CPU
	EndGlobalSection
	GlobalSection(ProjectConfigurationPlatforms) = postSolution
		{8F665659-A11D-4B52-8401-294615AC2636}.Debug|Any CPU.ActiveCfg = Debug|Any CPU
		{8F665659-A11D-4B52-8401-294615AC2636}.Debug|Any CPU.Build.0 = Debug|Any CPU
		{8F665659-A11D-4B52-8401-294615AC2636}.Release|Any CPU.ActiveCfg = Release|Any CPU
		{8F665659-A11D-4B52-8401-294615AC2636}.Release|Any CPU.Build.0 = Release|Any CPU
		{A0EB2A74-18CD-4256-AFCD-6785561F96CB}.Debug|Any CPU.ActiveCfg = Debug|Any CPU
		{A0EB2A74-18CD-4256-AFCD-6785561F96CB}.Debug|Any CPU.Build.0 = Debug|Any CPU
		{A0EB2A74-18CD-4256-AFCD-6785561F96CB}.Release|Any CPU.ActiveCfg = Release|Any CPU
		{A0EB2A74-18CD-4256-AFCD-6785561F96CB}.Release|Any CPU.Build.0 = Release|Any CPU
		{1C464D4F-A13F-46EE-86A5-D38CB2A0C3B6}.Debug|Any CPU.ActiveCfg = Debug|Any CPU
		{1C464D4F-A13F-46EE-86A5-D38CB2A0C3B6}.Debug|Any CPU.Build.0 = Debug|Any CPU
		{1C464D4F-A13F-46EE-86A5-D38CB2A0C3B6}.Release|Any CPU.ActiveCfg = Release|Any CPU
		{1C464D4F-A13F-46EE-86A5-D38CB2A0C3B6}.Release|Any CPU.Build.0 = Release|Any CPU
		{9B52B191-530A-48CF-A712-78AEBC2E9E46}.Debug|Any CPU.ActiveCfg = Debug|Any CPU
		{9B52B191-530A-48CF-A712-78AEBC2E9E46}.Debug|Any CPU.Build.0 = Debug|Any CPU
		{9B52B191-530A-48CF-A712-78AEBC2E9E46}.Release|Any CPU.ActiveCfg = Release|Any CPU
		{9B52B191-530A-48CF-A712-78AEBC2E9E46}.Release|Any CPU.Build.0 = Release|Any CPU
		{5F24115E-512F-48BA-AD4A-282E5DAA7DC6}.Debug|Any CPU.ActiveCfg = Debug|Any CPU
		{5F24115E-512F-48BA-AD4A-282E5DAA7DC6}.Debug|Any CPU.Build.0 = Debug|Any CPU
		{5F24115E-512F-48BA-AD4A-282E5DAA7DC6}.Release|Any CPU.ActiveCfg = Release|Any CPU
		{5F24115E-512F-48BA-AD4A-282E5DAA7DC6}.Release|Any CPU.Build.0 = Release|Any CPU
		{8367961F-D4EC-4265-95A3-B4008AF9ECC6}.Debug|Any CPU.ActiveCfg = Debug|Any CPU
		{8367961F-D4EC-4265-95A3-B4008AF9ECC6}.Debug|Any CPU.Build.0 = Debug|Any CPU
		{8367961F-D4EC-4265-95A3-B4008AF9ECC6}.Release|Any CPU.ActiveCfg = Release|Any CPU
		{8367961F-D4EC-4265-95A3-B4008AF9ECC6}.Release|Any CPU.Build.0 = Release|Any CPU
		{308AE277-4C15-4CB0-BE86-566CDBBB60E2}.Debug|Any CPU.ActiveCfg = Debug|Any CPU
		{308AE277-4C15-4CB0-BE86-566CDBBB60E2}.Debug|Any CPU.Build.0 = Debug|Any CPU
		{308AE277-4C15-4CB0-BE86-566CDBBB60E2}.Release|Any CPU.ActiveCfg = Release|Any CPU
		{308AE277-4C15-4CB0-BE86-566CDBBB60E2}.Release|Any CPU.Build.0 = Release|Any CPU
		{C7178837-D3D5-481E-B3C9-487A7CD41D8E}.Debug|Any CPU.ActiveCfg = Debug|Any CPU
		{C7178837-D3D5-481E-B3C9-487A7CD41D8E}.Debug|Any CPU.Build.0 = Debug|Any CPU
		{C7178837-D3D5-481E-B3C9-487A7CD41D8E}.Release|Any CPU.ActiveCfg = Release|Any CPU
		{C7178837-D3D5-481E-B3C9-487A7CD41D8E}.Release|Any CPU.Build.0 = Release|Any CPU
		{9B17885E-B486-431E-B59B-078A9BE6BDD2}.Debug|Any CPU.ActiveCfg = Debug|Any CPU
		{9B17885E-B486-431E-B59B-078A9BE6BDD2}.Debug|Any CPU.Build.0 = Debug|Any CPU
		{9B17885E-B486-431E-B59B-078A9BE6BDD2}.Release|Any CPU.ActiveCfg = Release|Any CPU
		{9B17885E-B486-431E-B59B-078A9BE6BDD2}.Release|Any CPU.Build.0 = Release|Any CPU
		{6B69D281-5E82-4A6A-8E28-5161E34B47C1}.Debug|Any CPU.ActiveCfg = Debug|Any CPU
		{6B69D281-5E82-4A6A-8E28-5161E34B47C1}.Debug|Any CPU.Build.0 = Debug|Any CPU
		{6B69D281-5E82-4A6A-8E28-5161E34B47C1}.Release|Any CPU.ActiveCfg = Release|Any CPU
		{6B69D281-5E82-4A6A-8E28-5161E34B47C1}.Release|Any CPU.Build.0 = Release|Any CPU
		{1F88ADFE-4E7D-4E0B-BADC-ACDB9E730741}.Debug|Any CPU.ActiveCfg = Debug|Any CPU
		{1F88ADFE-4E7D-4E0B-BADC-ACDB9E730741}.Debug|Any CPU.Build.0 = Debug|Any CPU
		{1F88ADFE-4E7D-4E0B-BADC-ACDB9E730741}.Release|Any CPU.ActiveCfg = Release|Any CPU
		{1F88ADFE-4E7D-4E0B-BADC-ACDB9E730741}.Release|Any CPU.Build.0 = Release|Any CPU
		{92ABF0BC-0EE0-49ED-AFAD-D4A440529145}.Debug|Any CPU.ActiveCfg = Debug|Any CPU
		{92ABF0BC-0EE0-49ED-AFAD-D4A440529145}.Debug|Any CPU.Build.0 = Debug|Any CPU
		{92ABF0BC-0EE0-49ED-AFAD-D4A440529145}.Release|Any CPU.ActiveCfg = Release|Any CPU
		{92ABF0BC-0EE0-49ED-AFAD-D4A440529145}.Release|Any CPU.Build.0 = Release|Any CPU
		{3741E28A-723D-4BF8-9DAE-8FF0AEC4D637}.Debug|Any CPU.ActiveCfg = Debug|Any CPU
		{3741E28A-723D-4BF8-9DAE-8FF0AEC4D637}.Debug|Any CPU.Build.0 = Debug|Any CPU
		{3741E28A-723D-4BF8-9DAE-8FF0AEC4D637}.Release|Any CPU.ActiveCfg = Release|Any CPU
		{3741E28A-723D-4BF8-9DAE-8FF0AEC4D637}.Release|Any CPU.Build.0 = Release|Any CPU
		{975CA395-7960-4CEE-9AEF-C1E1485A8886}.Debug|Any CPU.ActiveCfg = Debug|Any CPU
		{975CA395-7960-4CEE-9AEF-C1E1485A8886}.Debug|Any CPU.Build.0 = Debug|Any CPU
		{975CA395-7960-4CEE-9AEF-C1E1485A8886}.Release|Any CPU.ActiveCfg = Release|Any CPU
		{975CA395-7960-4CEE-9AEF-C1E1485A8886}.Release|Any CPU.Build.0 = Release|Any CPU
		{3849012D-A66E-4A0B-ADCE-91538E2B0ACC}.Debug|Any CPU.ActiveCfg = Debug|Any CPU
		{3849012D-A66E-4A0B-ADCE-91538E2B0ACC}.Debug|Any CPU.Build.0 = Debug|Any CPU
		{3849012D-A66E-4A0B-ADCE-91538E2B0ACC}.Release|Any CPU.ActiveCfg = Release|Any CPU
		{3849012D-A66E-4A0B-ADCE-91538E2B0ACC}.Release|Any CPU.Build.0 = Release|Any CPU
		{429F081F-B87D-4F9D-977C-579DB8C98F29}.Debug|Any CPU.ActiveCfg = Debug|Any CPU
		{429F081F-B87D-4F9D-977C-579DB8C98F29}.Debug|Any CPU.Build.0 = Debug|Any CPU
		{429F081F-B87D-4F9D-977C-579DB8C98F29}.Release|Any CPU.ActiveCfg = Release|Any CPU
		{429F081F-B87D-4F9D-977C-579DB8C98F29}.Release|Any CPU.Build.0 = Release|Any CPU
		{489FBF59-F50E-4D18-8F3D-6900555D91F2}.Debug|Any CPU.ActiveCfg = Debug|Any CPU
		{489FBF59-F50E-4D18-8F3D-6900555D91F2}.Debug|Any CPU.Build.0 = Debug|Any CPU
		{489FBF59-F50E-4D18-8F3D-6900555D91F2}.Release|Any CPU.ActiveCfg = Release|Any CPU
		{489FBF59-F50E-4D18-8F3D-6900555D91F2}.Release|Any CPU.Build.0 = Release|Any CPU
		{7F656455-14D3-474E-9DAC-7B75E2289C42}.Debug|Any CPU.ActiveCfg = Debug|Any CPU
		{7F656455-14D3-474E-9DAC-7B75E2289C42}.Debug|Any CPU.Build.0 = Debug|Any CPU
		{7F656455-14D3-474E-9DAC-7B75E2289C42}.Release|Any CPU.ActiveCfg = Release|Any CPU
		{7F656455-14D3-474E-9DAC-7B75E2289C42}.Release|Any CPU.Build.0 = Release|Any CPU
		{E24195F7-AFA2-4550-9DCB-5D0FBD3A416D}.Debug|Any CPU.ActiveCfg = Debug|Any CPU
		{E24195F7-AFA2-4550-9DCB-5D0FBD3A416D}.Debug|Any CPU.Build.0 = Debug|Any CPU
		{E24195F7-AFA2-4550-9DCB-5D0FBD3A416D}.Release|Any CPU.ActiveCfg = Release|Any CPU
		{E24195F7-AFA2-4550-9DCB-5D0FBD3A416D}.Release|Any CPU.Build.0 = Release|Any CPU
		{01BD3968-1BD6-4F5C-8CD1-FB4648DD868B}.Debug|Any CPU.ActiveCfg = Debug|Any CPU
		{01BD3968-1BD6-4F5C-8CD1-FB4648DD868B}.Debug|Any CPU.Build.0 = Debug|Any CPU
		{01BD3968-1BD6-4F5C-8CD1-FB4648DD868B}.Release|Any CPU.ActiveCfg = Release|Any CPU
		{01BD3968-1BD6-4F5C-8CD1-FB4648DD868B}.Release|Any CPU.Build.0 = Release|Any CPU
		{0E65B42E-E2B3-4C8F-B47A-D896FE0D1B39}.Debug|Any CPU.ActiveCfg = Debug|Any CPU
		{0E65B42E-E2B3-4C8F-B47A-D896FE0D1B39}.Debug|Any CPU.Build.0 = Debug|Any CPU
		{0E65B42E-E2B3-4C8F-B47A-D896FE0D1B39}.Release|Any CPU.ActiveCfg = Release|Any CPU
		{0E65B42E-E2B3-4C8F-B47A-D896FE0D1B39}.Release|Any CPU.Build.0 = Release|Any CPU
		{F747205A-630F-42CC-ACEF-2766D71CE2BB}.Debug|Any CPU.ActiveCfg = Debug|Any CPU
		{F747205A-630F-42CC-ACEF-2766D71CE2BB}.Debug|Any CPU.Build.0 = Debug|Any CPU
		{F747205A-630F-42CC-ACEF-2766D71CE2BB}.Release|Any CPU.ActiveCfg = Release|Any CPU
		{F747205A-630F-42CC-ACEF-2766D71CE2BB}.Release|Any CPU.Build.0 = Release|Any CPU
		{1010DD47-1016-4046-9F4E-C6E65BCB0A3B}.Debug|Any CPU.ActiveCfg = Debug|Any CPU
		{1010DD47-1016-4046-9F4E-C6E65BCB0A3B}.Debug|Any CPU.Build.0 = Debug|Any CPU
		{1010DD47-1016-4046-9F4E-C6E65BCB0A3B}.Release|Any CPU.ActiveCfg = Release|Any CPU
		{1010DD47-1016-4046-9F4E-C6E65BCB0A3B}.Release|Any CPU.Build.0 = Release|Any CPU
		{AE7221C7-7840-41AE-98CE-92E41EB90BC1}.Debug|Any CPU.ActiveCfg = Debug|Any CPU
		{AE7221C7-7840-41AE-98CE-92E41EB90BC1}.Debug|Any CPU.Build.0 = Debug|Any CPU
		{AE7221C7-7840-41AE-98CE-92E41EB90BC1}.Release|Any CPU.ActiveCfg = Release|Any CPU
		{AE7221C7-7840-41AE-98CE-92E41EB90BC1}.Release|Any CPU.Build.0 = Release|Any CPU
		{2608DB1E-43A6-4CEF-A7D6-B1990E5E8732}.Debug|Any CPU.ActiveCfg = Debug|Any CPU
		{2608DB1E-43A6-4CEF-A7D6-B1990E5E8732}.Debug|Any CPU.Build.0 = Debug|Any CPU
		{2608DB1E-43A6-4CEF-A7D6-B1990E5E8732}.Release|Any CPU.ActiveCfg = Release|Any CPU
		{2608DB1E-43A6-4CEF-A7D6-B1990E5E8732}.Release|Any CPU.Build.0 = Release|Any CPU
		{D4B0E083-D340-4910-A7CC-5CEE48FDD199}.Debug|Any CPU.ActiveCfg = Debug|Any CPU
		{D4B0E083-D340-4910-A7CC-5CEE48FDD199}.Debug|Any CPU.Build.0 = Debug|Any CPU
		{D4B0E083-D340-4910-A7CC-5CEE48FDD199}.Release|Any CPU.ActiveCfg = Release|Any CPU
		{D4B0E083-D340-4910-A7CC-5CEE48FDD199}.Release|Any CPU.Build.0 = Release|Any CPU
		{313DBCF0-1EC4-4D81-AD0E-AC5978233B91}.Debug|Any CPU.ActiveCfg = Debug|Any CPU
		{313DBCF0-1EC4-4D81-AD0E-AC5978233B91}.Debug|Any CPU.Build.0 = Debug|Any CPU
		{313DBCF0-1EC4-4D81-AD0E-AC5978233B91}.Release|Any CPU.ActiveCfg = Release|Any CPU
		{313DBCF0-1EC4-4D81-AD0E-AC5978233B91}.Release|Any CPU.Build.0 = Release|Any CPU
		{88A22115-4A6F-4272-A95B-4AFEBCE75B28}.Debug|Any CPU.ActiveCfg = Debug|Any CPU
		{88A22115-4A6F-4272-A95B-4AFEBCE75B28}.Debug|Any CPU.Build.0 = Debug|Any CPU
		{88A22115-4A6F-4272-A95B-4AFEBCE75B28}.Release|Any CPU.ActiveCfg = Release|Any CPU
		{88A22115-4A6F-4272-A95B-4AFEBCE75B28}.Release|Any CPU.Build.0 = Release|Any CPU
		{0E0E844C-DE57-49DE-968C-8E55F2E01BD6}.Debug|Any CPU.ActiveCfg = Debug|Any CPU
		{0E0E844C-DE57-49DE-968C-8E55F2E01BD6}.Debug|Any CPU.Build.0 = Debug|Any CPU
		{0E0E844C-DE57-49DE-968C-8E55F2E01BD6}.Release|Any CPU.ActiveCfg = Release|Any CPU
		{0E0E844C-DE57-49DE-968C-8E55F2E01BD6}.Release|Any CPU.Build.0 = Release|Any CPU
		{6289DF2D-EE6D-4A94-8A78-2BC62C2E9CCE}.Debug|Any CPU.ActiveCfg = Debug|Any CPU
		{6289DF2D-EE6D-4A94-8A78-2BC62C2E9CCE}.Debug|Any CPU.Build.0 = Debug|Any CPU
		{6289DF2D-EE6D-4A94-8A78-2BC62C2E9CCE}.Release|Any CPU.ActiveCfg = Release|Any CPU
		{6289DF2D-EE6D-4A94-8A78-2BC62C2E9CCE}.Release|Any CPU.Build.0 = Release|Any CPU
		{B7DE89EA-624A-48F3-8BBA-B23BD0839901}.Debug|Any CPU.ActiveCfg = Debug|Any CPU
		{B7DE89EA-624A-48F3-8BBA-B23BD0839901}.Debug|Any CPU.Build.0 = Debug|Any CPU
		{B7DE89EA-624A-48F3-8BBA-B23BD0839901}.Release|Any CPU.ActiveCfg = Release|Any CPU
		{B7DE89EA-624A-48F3-8BBA-B23BD0839901}.Release|Any CPU.Build.0 = Release|Any CPU
		{EDF490F9-460E-468F-B6EE-7A8C52E4D231}.Debug|Any CPU.ActiveCfg = Debug|Any CPU
		{EDF490F9-460E-468F-B6EE-7A8C52E4D231}.Debug|Any CPU.Build.0 = Debug|Any CPU
		{EDF490F9-460E-468F-B6EE-7A8C52E4D231}.Release|Any CPU.ActiveCfg = Release|Any CPU
		{EDF490F9-460E-468F-B6EE-7A8C52E4D231}.Release|Any CPU.Build.0 = Release|Any CPU
		{EA09BA50-15E5-4F8F-ABD8-D3F6179089D9}.Debug|Any CPU.ActiveCfg = Debug|Any CPU
		{EA09BA50-15E5-4F8F-ABD8-D3F6179089D9}.Debug|Any CPU.Build.0 = Debug|Any CPU
		{EA09BA50-15E5-4F8F-ABD8-D3F6179089D9}.Release|Any CPU.ActiveCfg = Release|Any CPU
		{EA09BA50-15E5-4F8F-ABD8-D3F6179089D9}.Release|Any CPU.Build.0 = Release|Any CPU
		{089E1C61-E974-4D64-81B7-7DAE52B61754}.Debug|Any CPU.ActiveCfg = Debug|Any CPU
		{089E1C61-E974-4D64-81B7-7DAE52B61754}.Debug|Any CPU.Build.0 = Debug|Any CPU
		{089E1C61-E974-4D64-81B7-7DAE52B61754}.Release|Any CPU.ActiveCfg = Release|Any CPU
		{089E1C61-E974-4D64-81B7-7DAE52B61754}.Release|Any CPU.Build.0 = Release|Any CPU
		{FE7CC77B-C311-4BC7-A2FB-FCCCDEF37B88}.Debug|Any CPU.ActiveCfg = Debug|Any CPU
		{FE7CC77B-C311-4BC7-A2FB-FCCCDEF37B88}.Debug|Any CPU.Build.0 = Debug|Any CPU
		{FE7CC77B-C311-4BC7-A2FB-FCCCDEF37B88}.Release|Any CPU.ActiveCfg = Release|Any CPU
		{FE7CC77B-C311-4BC7-A2FB-FCCCDEF37B88}.Release|Any CPU.Build.0 = Release|Any CPU
		{F02EE70E-F96D-4AB1-9031-B348058F5A08}.Debug|Any CPU.ActiveCfg = Debug|Any CPU
		{F02EE70E-F96D-4AB1-9031-B348058F5A08}.Debug|Any CPU.Build.0 = Debug|Any CPU
		{F02EE70E-F96D-4AB1-9031-B348058F5A08}.Release|Any CPU.ActiveCfg = Release|Any CPU
		{F02EE70E-F96D-4AB1-9031-B348058F5A08}.Release|Any CPU.Build.0 = Release|Any CPU
		{FE9F84D9-646B-49B7-BC08-947CF3195D97}.Debug|Any CPU.ActiveCfg = Debug|Any CPU
		{FE9F84D9-646B-49B7-BC08-947CF3195D97}.Debug|Any CPU.Build.0 = Debug|Any CPU
		{FE9F84D9-646B-49B7-BC08-947CF3195D97}.Release|Any CPU.ActiveCfg = Release|Any CPU
		{FE9F84D9-646B-49B7-BC08-947CF3195D97}.Release|Any CPU.Build.0 = Release|Any CPU
		{7145A0A5-E6F6-429D-A788-A2FD6473941D}.Debug|Any CPU.ActiveCfg = Debug|Any CPU
		{7145A0A5-E6F6-429D-A788-A2FD6473941D}.Debug|Any CPU.Build.0 = Debug|Any CPU
		{7145A0A5-E6F6-429D-A788-A2FD6473941D}.Release|Any CPU.ActiveCfg = Release|Any CPU
		{7145A0A5-E6F6-429D-A788-A2FD6473941D}.Release|Any CPU.Build.0 = Release|Any CPU
		{C6353D22-5936-4991-9094-B21BBF65C767}.Debug|Any CPU.ActiveCfg = Debug|Any CPU
		{C6353D22-5936-4991-9094-B21BBF65C767}.Debug|Any CPU.Build.0 = Debug|Any CPU
		{C6353D22-5936-4991-9094-B21BBF65C767}.Release|Any CPU.ActiveCfg = Release|Any CPU
		{C6353D22-5936-4991-9094-B21BBF65C767}.Release|Any CPU.Build.0 = Release|Any CPU
		{176A983C-1EB2-4E3D-9657-8A41749FA341}.Debug|Any CPU.ActiveCfg = Debug|Any CPU
		{176A983C-1EB2-4E3D-9657-8A41749FA341}.Debug|Any CPU.Build.0 = Debug|Any CPU
		{176A983C-1EB2-4E3D-9657-8A41749FA341}.Release|Any CPU.ActiveCfg = Release|Any CPU
		{176A983C-1EB2-4E3D-9657-8A41749FA341}.Release|Any CPU.Build.0 = Release|Any CPU
	EndGlobalSection
	GlobalSection(SolutionProperties) = preSolution
		HideSolutionNode = FALSE
	EndGlobalSection
	GlobalSection(NestedProjects) = preSolution
		{33A6C169-52DA-446B-A241-FEC05722752A} = {02697BA7-B9A9-4A86-BF6F-E0727BCA4850}
		{A0EB2A74-18CD-4256-AFCD-6785561F96CB} = {42E42C5A-EE1F-49F3-9DB6-F4295A4A396D}
		{1C464D4F-A13F-46EE-86A5-D38CB2A0C3B6} = {BD27FEF7-8B20-4566-B91D-CF69AFF7EDD0}
		{9B52B191-530A-48CF-A712-78AEBC2E9E46} = {769A1D7D-526E-4C9F-AB5D-689886FDED74}
		{5F24115E-512F-48BA-AD4A-282E5DAA7DC6} = {BD27FEF7-8B20-4566-B91D-CF69AFF7EDD0}
		{8367961F-D4EC-4265-95A3-B4008AF9ECC6} = {355D6ED1-147F-4ABD-B1F4-CD41E62D3A90}
		{308AE277-4C15-4CB0-BE86-566CDBBB60E2} = {DBB8AA2F-D157-4B10-9EE8-4179D4019FB6}
		{C7178837-D3D5-481E-B3C9-487A7CD41D8E} = {DBB8AA2F-D157-4B10-9EE8-4179D4019FB6}
		{DBB8AA2F-D157-4B10-9EE8-4179D4019FB6} = {00A2FCF7-72A1-4031-AD5F-42345BA13DE3}
		{14D04E35-88CD-4B8C-BE7F-07BE6F94DCF8} = {02697BA7-B9A9-4A86-BF6F-E0727BCA4850}
		{9B17885E-B486-431E-B59B-078A9BE6BDD2} = {DBB8AA2F-D157-4B10-9EE8-4179D4019FB6}
		{49F8D13C-7B94-4AD4-9D4E-5B8F15485981} = {00A2FCF7-72A1-4031-AD5F-42345BA13DE3}
		{1F88ADFE-4E7D-4E0B-BADC-ACDB9E730741} = {547493C6-791A-4655-9C7D-DC86A7B09F52}
		{547493C6-791A-4655-9C7D-DC86A7B09F52} = {02697BA7-B9A9-4A86-BF6F-E0727BCA4850}
		{92ABF0BC-0EE0-49ED-AFAD-D4A440529145} = {DBB8AA2F-D157-4B10-9EE8-4179D4019FB6}
		{3741E28A-723D-4BF8-9DAE-8FF0AEC4D637} = {DBB8AA2F-D157-4B10-9EE8-4179D4019FB6}
		{00A2FCF7-72A1-4031-AD5F-42345BA13DE3} = {33A6C169-52DA-446B-A241-FEC05722752A}
		{9F93EA1D-5824-4011-B1F9-78A3FC854E1D} = {00A2FCF7-72A1-4031-AD5F-42345BA13DE3}
		{975CA395-7960-4CEE-9AEF-C1E1485A8886} = {9F93EA1D-5824-4011-B1F9-78A3FC854E1D}
		{3849012D-A66E-4A0B-ADCE-91538E2B0ACC} = {9F93EA1D-5824-4011-B1F9-78A3FC854E1D}
		{8989A7CB-427A-4954-8118-238604017FE8} = {00A2FCF7-72A1-4031-AD5F-42345BA13DE3}
		{429F081F-B87D-4F9D-977C-579DB8C98F29} = {8989A7CB-427A-4954-8118-238604017FE8}
		{489FBF59-F50E-4D18-8F3D-6900555D91F2} = {8989A7CB-427A-4954-8118-238604017FE8}
		{7F656455-14D3-474E-9DAC-7B75E2289C42} = {DBB8AA2F-D157-4B10-9EE8-4179D4019FB6}
		{3A6EC585-4595-4643-977E-65BE7A2A8EBC} = {DBB8AA2F-D157-4B10-9EE8-4179D4019FB6}
		{E24195F7-AFA2-4550-9DCB-5D0FBD3A416D} = {3A6EC585-4595-4643-977E-65BE7A2A8EBC}
		{01BD3968-1BD6-4F5C-8CD1-FB4648DD868B} = {DBB8AA2F-D157-4B10-9EE8-4179D4019FB6}
		{86014C1C-18FA-4FC5-B76C-0FFD8D2A3E19} = {00A2FCF7-72A1-4031-AD5F-42345BA13DE3}
		{0E65B42E-E2B3-4C8F-B47A-D896FE0D1B39} = {86014C1C-18FA-4FC5-B76C-0FFD8D2A3E19}
		{F747205A-630F-42CC-ACEF-2766D71CE2BB} = {49F8D13C-7B94-4AD4-9D4E-5B8F15485981}
		{1010DD47-1016-4046-9F4E-C6E65BCB0A3B} = {DBB8AA2F-D157-4B10-9EE8-4179D4019FB6}
		{AE7221C7-7840-41AE-98CE-92E41EB90BC1} = {3A6EC585-4595-4643-977E-65BE7A2A8EBC}
		{2608DB1E-43A6-4CEF-A7D6-B1990E5E8732} = {49F8D13C-7B94-4AD4-9D4E-5B8F15485981}
		{D4B0E083-D340-4910-A7CC-5CEE48FDD199} = {33A6C169-52DA-446B-A241-FEC05722752A}
		{8F41D1F8-79D3-4366-9F46-402887730310} = {33A6C169-52DA-446B-A241-FEC05722752A}
		{313DBCF0-1EC4-4D81-AD0E-AC5978233B91} = {8F41D1F8-79D3-4366-9F46-402887730310}
		{769A1D7D-526E-4C9F-AB5D-689886FDED74} = {00A2FCF7-72A1-4031-AD5F-42345BA13DE3}
		{88A22115-4A6F-4272-A95B-4AFEBCE75B28} = {769A1D7D-526E-4C9F-AB5D-689886FDED74}
		{0E0E844C-DE57-49DE-968C-8E55F2E01BD6} = {14D04E35-88CD-4B8C-BE7F-07BE6F94DCF8}
		{32F65C4C-D4E1-4913-96FB-BF4371D26554} = {33A6C169-52DA-446B-A241-FEC05722752A}
		{6289DF2D-EE6D-4A94-8A78-2BC62C2E9CCE} = {32F65C4C-D4E1-4913-96FB-BF4371D26554}
		{84CD21F4-8F26-4CCB-9DE1-321C29BD268F} = {F34D08E1-ED99-44EE-90B9-3E1A2C6A5525}
		{B7DE89EA-624A-48F3-8BBA-B23BD0839901} = {84CD21F4-8F26-4CCB-9DE1-321C29BD268F}
		{EDF490F9-460E-468F-B6EE-7A8C52E4D231} = {84CD21F4-8F26-4CCB-9DE1-321C29BD268F}
		{EA09BA50-15E5-4F8F-ABD8-D3F6179089D9} = {84CD21F4-8F26-4CCB-9DE1-321C29BD268F}
		{089E1C61-E974-4D64-81B7-7DAE52B61754} = {32F65C4C-D4E1-4913-96FB-BF4371D26554}
		{9DFE0CE3-ECC8-4FCF-BE6A-94859F543B13} = {33A6C169-52DA-446B-A241-FEC05722752A}
		{FE7CC77B-C311-4BC7-A2FB-FCCCDEF37B88} = {9DFE0CE3-ECC8-4FCF-BE6A-94859F543B13}
		{C8C2E0C1-7BA7-485C-8AC8-8EC0C320AC4A} = {33A6C169-52DA-446B-A241-FEC05722752A}
		{F02EE70E-F96D-4AB1-9031-B348058F5A08} = {C8C2E0C1-7BA7-485C-8AC8-8EC0C320AC4A}
		{FE9F84D9-646B-49B7-BC08-947CF3195D97} = {C8C2E0C1-7BA7-485C-8AC8-8EC0C320AC4A}
		{C6353D22-5936-4991-9094-B21BBF65C767} = {C8C2E0C1-7BA7-485C-8AC8-8EC0C320AC4A}
		{F7A4EA31-5774-4ADF-A504-85F69A763FA5} = {33A6C169-52DA-446B-A241-FEC05722752A}
		{176A983C-1EB2-4E3D-9657-8A41749FA341} = {F7A4EA31-5774-4ADF-A504-85F69A763FA5}
	EndGlobalSection
	GlobalSection(ExtensibilityGlobals) = postSolution
		SolutionGuid = {42D53D44-DB15-42C1-8A13-62FFD5C069BD}
	EndGlobalSection
EndGlobal
