
Microsoft Visual Studio Solution File, Format Version 12.00
# Visual Studio Version 16
VisualStudioVersion = 16.0.29806.167
MinimumVisualStudioVersion = 10.0.40219.1
Project("{2150E333-8FDC-42A3-9474-1A3956D46DE8}") = "Plugins", "Plugins", "{02697BA7-B9A9-4A86-BF6F-E0727BCA4850}"
EndProject
Project("{2150E333-8FDC-42A3-9474-1A3956D46DE8}") = "Features", "Features", "{33A6C169-52DA-446B-A241-FEC05722752A}"
EndProject
Project("{9A19103F-16F7-4668-BE54-9A1E7A4F7556}") = "Macerus", "Macerus\Macerus.csproj", "{8F665659-A11D-4B52-8401-294615AC2636}"
EndProject
Project("{9A19103F-16F7-4668-BE54-9A1E7A4F7556}") = "Macerus.Game.GameObjects", "Macerus.Game.GameObjects\Macerus.Game.GameObjects.csproj", "{A0EB2A74-18CD-4256-AFCD-6785561F96CB}"
EndProject
Project("{9A19103F-16F7-4668-BE54-9A1E7A4F7556}") = "Macerus.Api.GameObjects", "Macerus.Api.GameObjects\Macerus.Api.GameObjects.csproj", "{1C464D4F-A13F-46EE-86A5-D38CB2A0C3B6}"
EndProject
Project("{2150E333-8FDC-42A3-9474-1A3956D46DE8}") = "Api", "Api", "{BD27FEF7-8B20-4566-B91D-CF69AFF7EDD0}"
EndProject
Project("{2150E333-8FDC-42A3-9474-1A3956D46DE8}") = "Game", "Game", "{42E42C5A-EE1F-49F3-9DB6-F4295A4A396D}"
EndProject
Project("{9A19103F-16F7-4668-BE54-9A1E7A4F7556}") = "Macerus.Game.GameObjects.Autofac", "Macerus.Game.GameObjects.Autofac\Macerus.Game.GameObjects.Autofac.csproj", "{00526E0F-D916-4AFA-8ACD-4976C3271BFE}"
EndProject
Project("{9A19103F-16F7-4668-BE54-9A1E7A4F7556}") = "Macerus.Plugins.Features.GameObjects.Actors", "Macerus.Plugins.Features.GameObjects.Actors\Macerus.Plugins.Features.GameObjects.Actors.csproj", "{9B52B191-530A-48CF-A712-78AEBC2E9E46}"
EndProject
Project("{9A19103F-16F7-4668-BE54-9A1E7A4F7556}") = "Macerus.Api.Behaviors", "Macerus.Api.Behaviors\Macerus.Api.Behaviors.csproj", "{5F24115E-512F-48BA-AD4A-282E5DAA7DC6}"
EndProject
Project("{2150E333-8FDC-42A3-9474-1A3956D46DE8}") = "Shared", "Shared", "{355D6ED1-147F-4ABD-B1F4-CD41E62D3A90}"
EndProject
Project("{9A19103F-16F7-4668-BE54-9A1E7A4F7556}") = "Macerus.Shared.Behaviors", "Macerus.Shared.Behaviors\Macerus.Shared.Behaviors.csproj", "{8367961F-D4EC-4265-95A3-B4008AF9ECC6}"
EndProject
Project("{9A19103F-16F7-4668-BE54-9A1E7A4F7556}") = "Macerus.Plugins.Features.GameObjects.Items.Generation.Normal", "Macerus.Plugins.Features.GameObjects.Items.Generation.Normal\Macerus.Plugins.Features.GameObjects.Items.Generation.Normal.csproj", "{308AE277-4C15-4CB0-BE86-566CDBBB60E2}"
EndProject
Project("{9A19103F-16F7-4668-BE54-9A1E7A4F7556}") = "Macerus.Plugins.Features.GameObjects.Items.Generation.Magic", "Macerus.Plugins.Features.GameObjects.Items.Generation.Magic\Macerus.Plugins.Features.GameObjects.Items.Generation.Magic.csproj", "{C7178837-D3D5-481E-B3C9-487A7CD41D8E}"
EndProject
Project("{9A19103F-16F7-4668-BE54-9A1E7A4F7556}") = "Macerus.Plugins.Features.GameObjects.Enchantments.Generation.Magic", "Macerus.Plugins.Features.GameObjects.Enchantments.Generation.Magic\Macerus.Plugins.Features.GameObjects.Enchantments.Generation.Magic.csproj", "{44903C45-7032-47CA-848A-598419014884}"
EndProject
Project("{2150E333-8FDC-42A3-9474-1A3956D46DE8}") = "Items", "Items", "{DBB8AA2F-D157-4B10-9EE8-4179D4019FB6}"
EndProject
Project("{2150E333-8FDC-42A3-9474-1A3956D46DE8}") = "Content", "Content", "{14D04E35-88CD-4B8C-BE7F-07BE6F94DCF8}"
EndProject
Project("{9A19103F-16F7-4668-BE54-9A1E7A4F7556}") = "Macerus.Plugins.Content.Wip", "Macerus.Plugins.Content.Wip\Macerus.Plugins.Content.Wip.csproj", "{B8283E32-83C3-4128-971B-C399058DC732}"
EndProject
Project("{9A19103F-16F7-4668-BE54-9A1E7A4F7556}") = "Macerus.Plugins.Features.GameObjects.Items.Behaviors", "Macerus.Plugins.Features.GameObjects.Items.Behaviors\Macerus.Plugins.Features.GameObjects.Items.Behaviors.csproj", "{9B17885E-B486-431E-B59B-078A9BE6BDD2}"
EndProject
Project("{9A19103F-16F7-4668-BE54-9A1E7A4F7556}") = "Macerus.Tests", "Macerus.Tests\Macerus.Tests.csproj", "{6B69D281-5E82-4A6A-8E28-5161E34B47C1}"
EndProject
Project("{2150E333-8FDC-42A3-9474-1A3956D46DE8}") = "Enchantments", "Enchantments", "{49F8D13C-7B94-4AD4-9D4E-5B8F15485981}"
EndProject
Project("{9A19103F-16F7-4668-BE54-9A1E7A4F7556}") = "Macerus.Plugins.Features.GameObjects.Enchantments.Generation.Magic.Api", "Macerus.Plugins.Features.GameObjects.Enchantments.Generation.Magic.Api\Macerus.Plugins.Features.GameObjects.Enchantments.Generation.Magic.Api.csproj", "{DB7D1C3F-7E73-4AB5-BE7B-9ED75A782A0C}"
EndProject
Project("{2150E333-8FDC-42A3-9474-1A3956D46DE8}") = "Data", "Data", "{0530AC1F-B723-4293-B9E2-368E97D55BC4}"
EndProject
Project("{FAE04EC0-301F-11D3-BF4B-00C04F79EFBC}") = "Macerus.Plugins.Features.Data.Api", "Macerus.Plugins.Features.Data.Api\Macerus.Plugins.Features.Data.Api.csproj", "{3382CEA7-F030-4335-8A87-614F75F5E48C}"
EndProject
Project("{FAE04EC0-301F-11D3-BF4B-00C04F79EFBC}") = "Macerus.Plugins.Features.Data.MySql", "Macerus.Plugins.Features.Data.MySql\Macerus.Plugins.Features.Data.MySql.csproj", "{1F88ADFE-4E7D-4E0B-BADC-ACDB9E730741}"
EndProject
Global
	GlobalSection(SolutionConfigurationPlatforms) = preSolution
		Debug|Any CPU = Debug|Any CPU
		Release|Any CPU = Release|Any CPU
	EndGlobalSection
	GlobalSection(ProjectConfigurationPlatforms) = postSolution
		{8F665659-A11D-4B52-8401-294615AC2636}.Debug|Any CPU.ActiveCfg = Debug|Any CPU
		{8F665659-A11D-4B52-8401-294615AC2636}.Debug|Any CPU.Build.0 = Debug|Any CPU
		{8F665659-A11D-4B52-8401-294615AC2636}.Release|Any CPU.ActiveCfg = Release|Any CPU
		{8F665659-A11D-4B52-8401-294615AC2636}.Release|Any CPU.Build.0 = Release|Any CPU
		{A0EB2A74-18CD-4256-AFCD-6785561F96CB}.Debug|Any CPU.ActiveCfg = Debug|Any CPU
		{A0EB2A74-18CD-4256-AFCD-6785561F96CB}.Debug|Any CPU.Build.0 = Debug|Any CPU
		{A0EB2A74-18CD-4256-AFCD-6785561F96CB}.Release|Any CPU.ActiveCfg = Release|Any CPU
		{A0EB2A74-18CD-4256-AFCD-6785561F96CB}.Release|Any CPU.Build.0 = Release|Any CPU
		{1C464D4F-A13F-46EE-86A5-D38CB2A0C3B6}.Debug|Any CPU.ActiveCfg = Debug|Any CPU
		{1C464D4F-A13F-46EE-86A5-D38CB2A0C3B6}.Debug|Any CPU.Build.0 = Debug|Any CPU
		{1C464D4F-A13F-46EE-86A5-D38CB2A0C3B6}.Release|Any CPU.ActiveCfg = Release|Any CPU
		{1C464D4F-A13F-46EE-86A5-D38CB2A0C3B6}.Release|Any CPU.Build.0 = Release|Any CPU
		{00526E0F-D916-4AFA-8ACD-4976C3271BFE}.Debug|Any CPU.ActiveCfg = Debug|Any CPU
		{00526E0F-D916-4AFA-8ACD-4976C3271BFE}.Debug|Any CPU.Build.0 = Debug|Any CPU
		{00526E0F-D916-4AFA-8ACD-4976C3271BFE}.Release|Any CPU.ActiveCfg = Release|Any CPU
		{00526E0F-D916-4AFA-8ACD-4976C3271BFE}.Release|Any CPU.Build.0 = Release|Any CPU
		{9B52B191-530A-48CF-A712-78AEBC2E9E46}.Debug|Any CPU.ActiveCfg = Debug|Any CPU
		{9B52B191-530A-48CF-A712-78AEBC2E9E46}.Debug|Any CPU.Build.0 = Debug|Any CPU
		{9B52B191-530A-48CF-A712-78AEBC2E9E46}.Release|Any CPU.ActiveCfg = Release|Any CPU
		{9B52B191-530A-48CF-A712-78AEBC2E9E46}.Release|Any CPU.Build.0 = Release|Any CPU
		{5F24115E-512F-48BA-AD4A-282E5DAA7DC6}.Debug|Any CPU.ActiveCfg = Debug|Any CPU
		{5F24115E-512F-48BA-AD4A-282E5DAA7DC6}.Debug|Any CPU.Build.0 = Debug|Any CPU
		{5F24115E-512F-48BA-AD4A-282E5DAA7DC6}.Release|Any CPU.ActiveCfg = Release|Any CPU
		{5F24115E-512F-48BA-AD4A-282E5DAA7DC6}.Release|Any CPU.Build.0 = Release|Any CPU
		{8367961F-D4EC-4265-95A3-B4008AF9ECC6}.Debug|Any CPU.ActiveCfg = Debug|Any CPU
		{8367961F-D4EC-4265-95A3-B4008AF9ECC6}.Debug|Any CPU.Build.0 = Debug|Any CPU
		{8367961F-D4EC-4265-95A3-B4008AF9ECC6}.Release|Any CPU.ActiveCfg = Release|Any CPU
		{8367961F-D4EC-4265-95A3-B4008AF9ECC6}.Release|Any CPU.Build.0 = Release|Any CPU
		{308AE277-4C15-4CB0-BE86-566CDBBB60E2}.Debug|Any CPU.ActiveCfg = Debug|Any CPU
		{308AE277-4C15-4CB0-BE86-566CDBBB60E2}.Debug|Any CPU.Build.0 = Debug|Any CPU
		{308AE277-4C15-4CB0-BE86-566CDBBB60E2}.Release|Any CPU.ActiveCfg = Release|Any CPU
		{308AE277-4C15-4CB0-BE86-566CDBBB60E2}.Release|Any CPU.Build.0 = Release|Any CPU
		{C7178837-D3D5-481E-B3C9-487A7CD41D8E}.Debug|Any CPU.ActiveCfg = Debug|Any CPU
		{C7178837-D3D5-481E-B3C9-487A7CD41D8E}.Debug|Any CPU.Build.0 = Debug|Any CPU
		{C7178837-D3D5-481E-B3C9-487A7CD41D8E}.Release|Any CPU.ActiveCfg = Release|Any CPU
		{C7178837-D3D5-481E-B3C9-487A7CD41D8E}.Release|Any CPU.Build.0 = Release|Any CPU
		{44903C45-7032-47CA-848A-598419014884}.Debug|Any CPU.ActiveCfg = Debug|Any CPU
		{44903C45-7032-47CA-848A-598419014884}.Debug|Any CPU.Build.0 = Debug|Any CPU
		{44903C45-7032-47CA-848A-598419014884}.Release|Any CPU.ActiveCfg = Release|Any CPU
		{44903C45-7032-47CA-848A-598419014884}.Release|Any CPU.Build.0 = Release|Any CPU
		{B8283E32-83C3-4128-971B-C399058DC732}.Debug|Any CPU.ActiveCfg = Debug|Any CPU
		{B8283E32-83C3-4128-971B-C399058DC732}.Debug|Any CPU.Build.0 = Debug|Any CPU
		{B8283E32-83C3-4128-971B-C399058DC732}.Release|Any CPU.ActiveCfg = Release|Any CPU
		{B8283E32-83C3-4128-971B-C399058DC732}.Release|Any CPU.Build.0 = Release|Any CPU
		{9B17885E-B486-431E-B59B-078A9BE6BDD2}.Debug|Any CPU.ActiveCfg = Debug|Any CPU
		{9B17885E-B486-431E-B59B-078A9BE6BDD2}.Debug|Any CPU.Build.0 = Debug|Any CPU
		{9B17885E-B486-431E-B59B-078A9BE6BDD2}.Release|Any CPU.ActiveCfg = Release|Any CPU
		{9B17885E-B486-431E-B59B-078A9BE6BDD2}.Release|Any CPU.Build.0 = Release|Any CPU
		{6B69D281-5E82-4A6A-8E28-5161E34B47C1}.Debug|Any CPU.ActiveCfg = Debug|Any CPU
		{6B69D281-5E82-4A6A-8E28-5161E34B47C1}.Debug|Any CPU.Build.0 = Debug|Any CPU
		{6B69D281-5E82-4A6A-8E28-5161E34B47C1}.Release|Any CPU.ActiveCfg = Release|Any CPU
		{6B69D281-5E82-4A6A-8E28-5161E34B47C1}.Release|Any CPU.Build.0 = Release|Any CPU
		{DB7D1C3F-7E73-4AB5-BE7B-9ED75A782A0C}.Debug|Any CPU.ActiveCfg = Debug|Any CPU
		{DB7D1C3F-7E73-4AB5-BE7B-9ED75A782A0C}.Debug|Any CPU.Build.0 = Debug|Any CPU
		{DB7D1C3F-7E73-4AB5-BE7B-9ED75A782A0C}.Release|Any CPU.ActiveCfg = Release|Any CPU
		{DB7D1C3F-7E73-4AB5-BE7B-9ED75A782A0C}.Release|Any CPU.Build.0 = Release|Any CPU
		{3382CEA7-F030-4335-8A87-614F75F5E48C}.Debug|Any CPU.ActiveCfg = Debug|Any CPU
		{3382CEA7-F030-4335-8A87-614F75F5E48C}.Debug|Any CPU.Build.0 = Debug|Any CPU
		{3382CEA7-F030-4335-8A87-614F75F5E48C}.Release|Any CPU.ActiveCfg = Release|Any CPU
		{3382CEA7-F030-4335-8A87-614F75F5E48C}.Release|Any CPU.Build.0 = Release|Any CPU
		{1F88ADFE-4E7D-4E0B-BADC-ACDB9E730741}.Debug|Any CPU.ActiveCfg = Debug|Any CPU
		{1F88ADFE-4E7D-4E0B-BADC-ACDB9E730741}.Debug|Any CPU.Build.0 = Debug|Any CPU
		{1F88ADFE-4E7D-4E0B-BADC-ACDB9E730741}.Release|Any CPU.ActiveCfg = Release|Any CPU
		{1F88ADFE-4E7D-4E0B-BADC-ACDB9E730741}.Release|Any CPU.Build.0 = Release|Any CPU
	EndGlobalSection
	GlobalSection(SolutionProperties) = preSolution
		HideSolutionNode = FALSE
	EndGlobalSection
	GlobalSection(NestedProjects) = preSolution
		{33A6C169-52DA-446B-A241-FEC05722752A} = {02697BA7-B9A9-4A86-BF6F-E0727BCA4850}
		{A0EB2A74-18CD-4256-AFCD-6785561F96CB} = {42E42C5A-EE1F-49F3-9DB6-F4295A4A396D}
		{1C464D4F-A13F-46EE-86A5-D38CB2A0C3B6} = {BD27FEF7-8B20-4566-B91D-CF69AFF7EDD0}
		{00526E0F-D916-4AFA-8ACD-4976C3271BFE} = {42E42C5A-EE1F-49F3-9DB6-F4295A4A396D}
		{9B52B191-530A-48CF-A712-78AEBC2E9E46} = {33A6C169-52DA-446B-A241-FEC05722752A}
		{5F24115E-512F-48BA-AD4A-282E5DAA7DC6} = {BD27FEF7-8B20-4566-B91D-CF69AFF7EDD0}
		{8367961F-D4EC-4265-95A3-B4008AF9ECC6} = {355D6ED1-147F-4ABD-B1F4-CD41E62D3A90}
		{308AE277-4C15-4CB0-BE86-566CDBBB60E2} = {DBB8AA2F-D157-4B10-9EE8-4179D4019FB6}
		{C7178837-D3D5-481E-B3C9-487A7CD41D8E} = {DBB8AA2F-D157-4B10-9EE8-4179D4019FB6}
		{44903C45-7032-47CA-848A-598419014884} = {49F8D13C-7B94-4AD4-9D4E-5B8F15485981}
		{DBB8AA2F-D157-4B10-9EE8-4179D4019FB6} = {33A6C169-52DA-446B-A241-FEC05722752A}
		{14D04E35-88CD-4B8C-BE7F-07BE6F94DCF8} = {02697BA7-B9A9-4A86-BF6F-E0727BCA4850}
		{B8283E32-83C3-4128-971B-C399058DC732} = {14D04E35-88CD-4B8C-BE7F-07BE6F94DCF8}
		{9B17885E-B486-431E-B59B-078A9BE6BDD2} = {DBB8AA2F-D157-4B10-9EE8-4179D4019FB6}
		{49F8D13C-7B94-4AD4-9D4E-5B8F15485981} = {33A6C169-52DA-446B-A241-FEC05722752A}
		{DB7D1C3F-7E73-4AB5-BE7B-9ED75A782A0C} = {49F8D13C-7B94-4AD4-9D4E-5B8F15485981}
		{0530AC1F-B723-4293-B9E2-368E97D55BC4} = {33A6C169-52DA-446B-A241-FEC05722752A}
		{3382CEA7-F030-4335-8A87-614F75F5E48C} = {0530AC1F-B723-4293-B9E2-368E97D55BC4}
		{1F88ADFE-4E7D-4E0B-BADC-ACDB9E730741} = {0530AC1F-B723-4293-B9E2-368E97D55BC4}
	EndGlobalSection
	GlobalSection(ExtensibilityGlobals) = postSolution
		SolutionGuid = {42D53D44-DB15-42C1-8A13-62FFD5C069BD}
	EndGlobalSection
EndGlobal
